
Microsoft Visual Studio Solution File, Format Version 12.00
# Visual Studio Version 16
VisualStudioVersion = 16.0.31613.86
MinimumVisualStudioVersion = 10.0.40219.1
Project("{9A19103F-16F7-4668-BE54-9A1E7A4F7556}") = "Test_Selenium", "Test_Selenium\Test_Selenium.csproj", "{7E52679B-CD3B-48EB-8DE6-254512E2E7B5}"
EndProject
Project("{9A19103F-16F7-4668-BE54-9A1E7A4F7556}") = "NUnit_Test", "NUnit_Test\NUnit_Test.csproj", "{1B857F95-B0FD-4FF5-8DA1-19F82376EEA8}"
EndProject
Project("{9A19103F-16F7-4668-BE54-9A1E7A4F7556}") = "Pizza_Portal", "..\Pizza_Portal_V2\Pizza_Portal\Pizza_Portal.csproj", "{29DDEB7D-5940-4D42-BBE2-9D0FF60078D2}"
EndProject
Global
	GlobalSection(SolutionConfigurationPlatforms) = preSolution
		Debug|Any CPU = Debug|Any CPU
		Release|Any CPU = Release|Any CPU
	EndGlobalSection
	GlobalSection(ProjectConfigurationPlatforms) = postSolution
		{7E52679B-CD3B-48EB-8DE6-254512E2E7B5}.Debug|Any CPU.ActiveCfg = Debug|Any CPU
		{7E52679B-CD3B-48EB-8DE6-254512E2E7B5}.Debug|Any CPU.Build.0 = Debug|Any CPU
		{7E52679B-CD3B-48EB-8DE6-254512E2E7B5}.Release|Any CPU.ActiveCfg = Release|Any CPU
		{7E52679B-CD3B-48EB-8DE6-254512E2E7B5}.Release|Any CPU.Build.0 = Release|Any CPU
		{1B857F95-B0FD-4FF5-8DA1-19F82376EEA8}.Debug|Any CPU.ActiveCfg = Debug|Any CPU
		{1B857F95-B0FD-4FF5-8DA1-19F82376EEA8}.Debug|Any CPU.Build.0 = Debug|Any CPU
		{1B857F95-B0FD-4FF5-8DA1-19F82376EEA8}.Release|Any CPU.ActiveCfg = Release|Any CPU
		{1B857F95-B0FD-4FF5-8DA1-19F82376EEA8}.Release|Any CPU.Build.0 = Release|Any CPU
		{29DDEB7D-5940-4D42-BBE2-9D0FF60078D2}.Debug|Any CPU.ActiveCfg = Debug|Any CPU
		{29DDEB7D-5940-4D42-BBE2-9D0FF60078D2}.Debug|Any CPU.Build.0 = Debug|Any CPU
		{29DDEB7D-5940-4D42-BBE2-9D0FF60078D2}.Release|Any CPU.ActiveCfg = Release|Any CPU
		{29DDEB7D-5940-4D42-BBE2-9D0FF60078D2}.Release|Any CPU.Build.0 = Release|Any CPU
	EndGlobalSection
	GlobalSection(SolutionProperties) = preSolution
		HideSolutionNode = FALSE
	EndGlobalSection
	GlobalSection(ExtensibilityGlobals) = postSolution
		SolutionGuid = {BEDA06F5-E119-4010-8B91-ABB37DD5967C}
	EndGlobalSection
EndGlobal
