
Microsoft Visual Studio Solution File, Format Version 12.00
# Visual Studio Version 16
VisualStudioVersion = 16.0.31613.86
MinimumVisualStudioVersion = 10.0.40219.1
Project("{FAE04EC0-301F-11D3-BF4B-00C04F79EFBC}") = "Pizza_Portal", "Pizza_Portal\Pizza_Portal.csproj", "{2C2C158E-527D-446A-9429-60909DDE07F3}"
EndProject
Global
	GlobalSection(SolutionConfigurationPlatforms) = preSolution
		Debug|Any CPU = Debug|Any CPU
		Release|Any CPU = Release|Any CPU
	EndGlobalSection
	GlobalSection(ProjectConfigurationPlatforms) = postSolution
		{2C2C158E-527D-446A-9429-60909DDE07F3}.Debug|Any CPU.ActiveCfg = Debug|Any CPU
		{2C2C158E-527D-446A-9429-60909DDE07F3}.Debug|Any CPU.Build.0 = Debug|Any CPU
		{2C2C158E-527D-446A-9429-60909DDE07F3}.Release|Any CPU.ActiveCfg = Release|Any CPU
		{2C2C158E-527D-446A-9429-60909DDE07F3}.Release|Any CPU.Build.0 = Release|Any CPU
	EndGlobalSection
	GlobalSection(SolutionProperties) = preSolution
		HideSolutionNode = FALSE
	EndGlobalSection
	GlobalSection(ExtensibilityGlobals) = postSolution
		SolutionGuid = {BEDA06F5-E119-4010-8B91-ABB37DD5967C}
	EndGlobalSection
EndGlobal
